
Microsoft Visual Studio Solution File, Format Version 12.00
# Visual Studio Version 16
VisualStudioVersion = 16.0.31321.278
MinimumVisualStudioVersion = 10.0.40219.1
Project("{FAE04EC0-301F-11D3-BF4B-00C04F79EFBC}") = "UTerminal", "UTerminal\UTerminal.csproj", "{B094E712-A262-431A-9B4C-79861284DF63}"
EndProject
Project("{FAE04EC0-301F-11D3-BF4B-00C04F79EFBC}") = "UTerminal.Mantest", "UTerminal.Mantest\UTerminal.Mantest.csproj", "{C02717E6-2EC2-4505-B227-FA87D3419CAB}"
EndProject
Project("{FAE04EC0-301F-11D3-BF4B-00C04F79EFBC}") = "UTerminal.UnitTests", "UTerminal.UnitTests\UTerminal.UnitTests.csproj", "{BAA0E776-C45D-4B22-A1CE-0CB4303FB3C0}"
EndProject
Global
	GlobalSection(SolutionConfigurationPlatforms) = preSolution
		Debug|Any CPU = Debug|Any CPU
		Release|Any CPU = Release|Any CPU
	EndGlobalSection
	GlobalSection(ProjectConfigurationPlatforms) = postSolution
		{B094E712-A262-431A-9B4C-79861284DF63}.Debug|Any CPU.ActiveCfg = Debug|Any CPU
		{B094E712-A262-431A-9B4C-79861284DF63}.Debug|Any CPU.Build.0 = Debug|Any CPU
		{B094E712-A262-431A-9B4C-79861284DF63}.Release|Any CPU.ActiveCfg = Release|Any CPU
		{B094E712-A262-431A-9B4C-79861284DF63}.Release|Any CPU.Build.0 = Release|Any CPU
		{C02717E6-2EC2-4505-B227-FA87D3419CAB}.Debug|Any CPU.ActiveCfg = Debug|Any CPU
		{C02717E6-2EC2-4505-B227-FA87D3419CAB}.Debug|Any CPU.Build.0 = Debug|Any CPU
		{C02717E6-2EC2-4505-B227-FA87D3419CAB}.Release|Any CPU.ActiveCfg = Release|Any CPU
		{C02717E6-2EC2-4505-B227-FA87D3419CAB}.Release|Any CPU.Build.0 = Release|Any CPU
		{BAA0E776-C45D-4B22-A1CE-0CB4303FB3C0}.Debug|Any CPU.ActiveCfg = Debug|Any CPU
		{BAA0E776-C45D-4B22-A1CE-0CB4303FB3C0}.Debug|Any CPU.Build.0 = Debug|Any CPU
		{BAA0E776-C45D-4B22-A1CE-0CB4303FB3C0}.Release|Any CPU.ActiveCfg = Release|Any CPU
		{BAA0E776-C45D-4B22-A1CE-0CB4303FB3C0}.Release|Any CPU.Build.0 = Release|Any CPU
	EndGlobalSection
	GlobalSection(SolutionProperties) = preSolution
		HideSolutionNode = FALSE
	EndGlobalSection
	GlobalSection(ExtensibilityGlobals) = postSolution
		SolutionGuid = {FF2B7770-B4F8-4706-BEE3-5EE6C81BDF9D}
	EndGlobalSection
EndGlobal
